
Microsoft Visual Studio Solution File, Format Version 12.00
# Visual Studio Version 17
VisualStudioVersion = 17.3.32825.248
MinimumVisualStudioVersion = 10.0.40219.1
Project("{9A19103F-16F7-4668-BE54-9A1E7A4F7556}") = "selected_task_windowsforms_checkean", "winforms_checkean\selected_task_windowsforms_checkean.csproj", "{928B49AC-DDF2-476F-8A73-52E24200CFCB}"
EndProject
Global
	GlobalSection(SolutionConfigurationPlatforms) = preSolution
		Debug|Any CPU = Debug|Any CPU
		Release|Any CPU = Release|Any CPU
	EndGlobalSection
	GlobalSection(ProjectConfigurationPlatforms) = postSolution
		{928B49AC-DDF2-476F-8A73-52E24200CFCB}.Debug|Any CPU.ActiveCfg = Debug|Any CPU
		{928B49AC-DDF2-476F-8A73-52E24200CFCB}.Debug|Any CPU.Build.0 = Debug|Any CPU
		{928B49AC-DDF2-476F-8A73-52E24200CFCB}.Release|Any CPU.ActiveCfg = Release|Any CPU
		{928B49AC-DDF2-476F-8A73-52E24200CFCB}.Release|Any CPU.Build.0 = Release|Any CPU
	EndGlobalSection
	GlobalSection(SolutionProperties) = preSolution
		HideSolutionNode = FALSE
	EndGlobalSection
	GlobalSection(ExtensibilityGlobals) = postSolution
		SolutionGuid = {D7626D0E-85B6-4732-9072-FFD58B37A15F}
	EndGlobalSection
EndGlobal
